
Microsoft Visual Studio Solution File, Format Version 12.00
# Visual Studio Version 17
VisualStudioVersion = 17.4.33403.182
MinimumVisualStudioVersion = 10.0.40219.1
Project("{FAE04EC0-301F-11D3-BF4B-00C04F79EFBC}") = "UniversityApiBackend", "UniversityApiBackend\UniversityApiBackend.csproj", "{AEC90D1C-27CC-492C-9073-416C4B380FF1}"
EndProject
Global
	GlobalSection(SolutionConfigurationPlatforms) = preSolution
		Debug|Any CPU = Debug|Any CPU
		Release|Any CPU = Release|Any CPU
	EndGlobalSection
	GlobalSection(ProjectConfigurationPlatforms) = postSolution
		{AEC90D1C-27CC-492C-9073-416C4B380FF1}.Debug|Any CPU.ActiveCfg = Debug|Any CPU
		{AEC90D1C-27CC-492C-9073-416C4B380FF1}.Debug|Any CPU.Build.0 = Debug|Any CPU
		{AEC90D1C-27CC-492C-9073-416C4B380FF1}.Release|Any CPU.ActiveCfg = Release|Any CPU
		{AEC90D1C-27CC-492C-9073-416C4B380FF1}.Release|Any CPU.Build.0 = Release|Any CPU
	EndGlobalSection
	GlobalSection(SolutionProperties) = preSolution
		HideSolutionNode = FALSE
	EndGlobalSection
	GlobalSection(ExtensibilityGlobals) = postSolution
		SolutionGuid = {781AE096-4CDF-4DDA-A0EE-FD7B0A531B72}
	EndGlobalSection
EndGlobal
